// !$*UTF8*$!
{
	archiveVersion = 1;
	classes = {
	};
	objectVersion = 50;
	objects = {

/* Begin PBXBuildFile section */
		F7305B1A26F5C097006544B3 /* AppDelegate.swift in Sources */ = {isa = PBXBuildFile; fileRef = F7305B1926F5C097006544B3 /* AppDelegate.swift */; };
		F7305B1C26F5C097006544B3 /* SceneDelegate.swift in Sources */ = {isa = PBXBuildFile; fileRef = F7305B1B26F5C097006544B3 /* SceneDelegate.swift */; };
		F7305B1E26F5C097006544B3 /* ViewController.swift in Sources */ = {isa = PBXBuildFile; fileRef = F7305B1D26F5C097006544B3 /* ViewController.swift */; };
		F7305B2126F5C097006544B3 /* Main.storyboard in Resources */ = {isa = PBXBuildFile; fileRef = F7305B1F26F5C097006544B3 /* Main.storyboard */; };
		F7305B2326F5C099006544B3 /* Assets.xcassets in Resources */ = {isa = PBXBuildFile; fileRef = F7305B2226F5C099006544B3 /* Assets.xcassets */; };
		F7305B2626F5C099006544B3 /* LaunchScreen.storyboard in Resources */ = {isa = PBXBuildFile; fileRef = F7305B2426F5C099006544B3 /* LaunchScreen.storyboard */; };
		F7305B2E26F5C1F3006544B3 /* QuizViewController.swift in Sources */ = {isa = PBXBuildFile; fileRef = F7305B2D26F5C1F2006544B3 /* QuizViewController.swift */; };
		F7305B3026F5C281006544B3 /* ScoreViewController.swift in Sources */ = {isa = PBXBuildFile; fileRef = F7305B2F26F5C281006544B3 /* ScoreViewController.swift */; };
		F7305B3226F5C48A006544B3 /* quiz1.csv in Resources */ = {isa = PBXBuildFile; fileRef = F7305B3126F5C48A006544B3 /* quiz1.csv */; };
		F7305B3926F5F316006544B3 /* SelectLevelViewController.swift in Sources */ = {isa = PBXBuildFile; fileRef = F7305B3826F5F315006544B3 /* SelectLevelViewController.swift */; };
		F7305B3B26F5F830006544B3 /* quiz2.csv in Resources */ = {isa = PBXBuildFile; fileRef = F7305B3A26F5F830006544B3 /* quiz2.csv */; };
		F7305B3D26F6078D006544B3 /* quiz3.csv in Resources */ = {isa = PBXBuildFile; fileRef = F7305B3C26F6078D006544B3 /* quiz3.csv */; };
		F7305B4526F7012D006544B3 /* SelectLevel.storyboard in Resources */ = {isa = PBXBuildFile; fileRef = F7305B4426F7012D006544B3 /* SelectLevel.storyboard */; };
		F7305B4726F701D1006544B3 /* Quiz.storyboard in Resources */ = {isa = PBXBuildFile; fileRef = F7305B4626F701D1006544B3 /* Quiz.storyboard */; };
		F7305B4926F70226006544B3 /* Score.storyboard in Resources */ = {isa = PBXBuildFile; fileRef = F7305B4826F70226006544B3 /* Score.storyboard */; };
/* End PBXBuildFile section */

/* Begin PBXFileReference section */
		F7305B1626F5C097006544B3 /* GolfQuiz.app */ = {isa = PBXFileReference; explicitFileType = wrapper.application; includeInIndex = 0; path = GolfQuiz.app; sourceTree = BUILT_PRODUCTS_DIR; };
		F7305B1926F5C097006544B3 /* AppDelegate.swift */ = {isa = PBXFileReference; lastKnownFileType = sourcecode.swift; path = AppDelegate.swift; sourceTree = "<group>"; };
		F7305B1B26F5C097006544B3 /* SceneDelegate.swift */ = {isa = PBXFileReference; lastKnownFileType = sourcecode.swift; path = SceneDelegate.swift; sourceTree = "<group>"; };
		F7305B1D26F5C097006544B3 /* ViewController.swift */ = {isa = PBXFileReference; lastKnownFileType = sourcecode.swift; path = ViewController.swift; sourceTree = "<group>"; };
		F7305B2026F5C097006544B3 /* Base */ = {isa = PBXFileReference; lastKnownFileType = file.storyboard; name = Base; path = Base.lproj/Main.storyboard; sourceTree = "<group>"; };
		F7305B2226F5C099006544B3 /* Assets.xcassets */ = {isa = PBXFileReference; lastKnownFileType = folder.assetcatalog; path = Assets.xcassets; sourceTree = "<group>"; };
		F7305B2526F5C099006544B3 /* Base */ = {isa = PBXFileReference; lastKnownFileType = file.storyboard; name = Base; path = Base.lproj/LaunchScreen.storyboard; sourceTree = "<group>"; };
		F7305B2726F5C099006544B3 /* Info.plist */ = {isa = PBXFileReference; lastKnownFileType = text.plist.xml; path = Info.plist; sourceTree = "<group>"; };
		F7305B2D26F5C1F2006544B3 /* QuizViewController.swift */ = {isa = PBXFileReference; lastKnownFileType = sourcecode.swift; path = QuizViewController.swift; sourceTree = "<group>"; };
		F7305B2F26F5C281006544B3 /* ScoreViewController.swift */ = {isa = PBXFileReference; lastKnownFileType = sourcecode.swift; path = ScoreViewController.swift; sourceTree = "<group>"; };
		F7305B3126F5C48A006544B3 /* quiz1.csv */ = {isa = PBXFileReference; lastKnownFileType = text; path = quiz1.csv; sourceTree = "<group>"; };
		F7305B3826F5F315006544B3 /* SelectLevelViewController.swift */ = {isa = PBXFileReference; lastKnownFileType = sourcecode.swift; path = SelectLevelViewController.swift; sourceTree = "<group>"; };
		F7305B3A26F5F830006544B3 /* quiz2.csv */ = {isa = PBXFileReference; lastKnownFileType = text; path = quiz2.csv; sourceTree = "<group>"; };
		F7305B3C26F6078D006544B3 /* quiz3.csv */ = {isa = PBXFileReference; lastKnownFileType = text; path = quiz3.csv; sourceTree = "<group>"; };
		F7305B4426F7012D006544B3 /* SelectLevel.storyboard */ = {isa = PBXFileReference; lastKnownFileType = file.storyboard; path = SelectLevel.storyboard; sourceTree = "<group>"; };
		F7305B4626F701D1006544B3 /* Quiz.storyboard */ = {isa = PBXFileReference; lastKnownFileType = file.storyboard; path = Quiz.storyboard; sourceTree = "<group>"; };
		F7305B4826F70226006544B3 /* Score.storyboard */ = {isa = PBXFileReference; lastKnownFileType = file.storyboard; path = Score.storyboard; sourceTree = "<group>"; };
/* End PBXFileReference section */

/* Begin PBXFrameworksBuildPhase section */
		F7305B1326F5C097006544B3 /* Frameworks */ = {
			isa = PBXFrameworksBuildPhase;
			buildActionMask = 2147483647;
			files = (
			);
			runOnlyForDeploymentPostprocessing = 0;
		};
/* End PBXFrameworksBuildPhase section */

/* Begin PBXGroup section */
		F7305B0D26F5C096006544B3 = {
			isa = PBXGroup;
			children = (
				F7305B1826F5C097006544B3 /* GolfQuiz */,
				F7305B1726F5C097006544B3 /* Products */,
			);
			sourceTree = "<group>";
		};
		F7305B1726F5C097006544B3 /* Products */ = {
			isa = PBXGroup;
			children = (
				F7305B1626F5C097006544B3 /* GolfQuiz.app */,
			);
			name = Products;
			sourceTree = "<group>";
		};
		F7305B1826F5C097006544B3 /* GolfQuiz */ = {
			isa = PBXGroup;
			children = (
				F7305B4326F6FE4D006544B3 /* CSV */,
				F7305B4226F6FE2C006544B3 /* Storyboard */,
				F7305B4126F6FDF0006544B3 /* ViewController */,
				F7305B1926F5C097006544B3 /* AppDelegate.swift */,
				F7305B1B26F5C097006544B3 /* SceneDelegate.swift */,
				F7305B2226F5C099006544B3 /* Assets.xcassets */,
				F7305B2726F5C099006544B3 /* Info.plist */,
			);
			path = GolfQuiz;
			sourceTree = "<group>";
		};
		F7305B4126F6FDF0006544B3 /* ViewController */ = {
			isa = PBXGroup;
			children = (
				F7305B1D26F5C097006544B3 /* ViewController.swift */,
				F7305B3826F5F315006544B3 /* SelectLevelViewController.swift */,
				F7305B2F26F5C281006544B3 /* ScoreViewController.swift */,
				F7305B2D26F5C1F2006544B3 /* QuizViewController.swift */,
			);
			path = ViewController;
			sourceTree = "<group>";
		};
		F7305B4226F6FE2C006544B3 /* Storyboard */ = {
			isa = PBXGroup;
			children = (
				F7305B1F26F5C097006544B3 /* Main.storyboard */,
				F7305B2426F5C099006544B3 /* LaunchScreen.storyboard */,
				F7305B4426F7012D006544B3 /* SelectLevel.storyboard */,
				F7305B4626F701D1006544B3 /* Quiz.storyboard */,
				F7305B4826F70226006544B3 /* Score.storyboard */,
			);
			path = Storyboard;
			sourceTree = "<group>";
		};
		F7305B4326F6FE4D006544B3 /* CSV */ = {
			isa = PBXGroup;
			children = (
				F7305B3C26F6078D006544B3 /* quiz3.csv */,
				F7305B3126F5C48A006544B3 /* quiz1.csv */,
				F7305B3A26F5F830006544B3 /* quiz2.csv */,
			);
			path = CSV;
			sourceTree = "<group>";
		};
/* End PBXGroup section */

/* Begin PBXNativeTarget section */
		F7305B1526F5C097006544B3 /* GolfQuiz */ = {
			isa = PBXNativeTarget;
			buildConfigurationList = F7305B2A26F5C099006544B3 /* Build configuration list for PBXNativeTarget "GolfQuiz" */;
			buildPhases = (
				F7305B1226F5C097006544B3 /* Sources */,
				F7305B1326F5C097006544B3 /* Frameworks */,
				F7305B1426F5C097006544B3 /* Resources */,
			);
			buildRules = (
			);
			dependencies = (
			);
			name = GolfQuiz;
			productName = GolfQuiz;
			productReference = F7305B1626F5C097006544B3 /* GolfQuiz.app */;
			productType = "com.apple.product-type.application";
		};
/* End PBXNativeTarget section */

/* Begin PBXProject section */
		F7305B0E26F5C096006544B3 /* Project object */ = {
			isa = PBXProject;
			attributes = {
				LastSwiftUpdateCheck = 1250;
				LastUpgradeCheck = 1250;
				TargetAttributes = {
					F7305B1526F5C097006544B3 = {
						CreatedOnToolsVersion = 12.5.1;
					};
				};
			};
			buildConfigurationList = F7305B1126F5C096006544B3 /* Build configuration list for PBXProject "GolfQuiz" */;
			compatibilityVersion = "Xcode 9.3";
			developmentRegion = en;
			hasScannedForEncodings = 0;
			knownRegions = (
				en,
				Base,
			);
			mainGroup = F7305B0D26F5C096006544B3;
			productRefGroup = F7305B1726F5C097006544B3 /* Products */;
			projectDirPath = "";
			projectRoot = "";
			targets = (
				F7305B1526F5C097006544B3 /* GolfQuiz */,
			);
		};
/* End PBXProject section */

/* Begin PBXResourcesBuildPhase section */
		F7305B1426F5C097006544B3 /* Resources */ = {
			isa = PBXResourcesBuildPhase;
			buildActionMask = 2147483647;
			files = (
				F7305B3B26F5F830006544B3 /* quiz2.csv in Resources */,
				F7305B4926F70226006544B3 /* Score.storyboard in Resources */,
				F7305B2626F5C099006544B3 /* LaunchScreen.storyboard in Resources */,
				F7305B4726F701D1006544B3 /* Quiz.storyboard in Resources */,
				F7305B2326F5C099006544B3 /* Assets.xcassets in Resources */,
				F7305B2126F5C097006544B3 /* Main.storyboard in Resources */,
				F7305B3226F5C48A006544B3 /* quiz1.csv in Resources */,
				F7305B4526F7012D006544B3 /* SelectLevel.storyboard in Resources */,
				F7305B3D26F6078D006544B3 /* quiz3.csv in Resources */,
			);
			runOnlyForDeploymentPostprocessing = 0;
		};
/* End PBXResourcesBuildPhase section */

/* Begin PBXSourcesBuildPhase section */
		F7305B1226F5C097006544B3 /* Sources */ = {
			isa = PBXSourcesBuildPhase;
			buildActionMask = 2147483647;
			files = (
				F7305B1E26F5C097006544B3 /* ViewController.swift in Sources */,
				F7305B1A26F5C097006544B3 /* AppDelegate.swift in Sources */,
				F7305B3026F5C281006544B3 /* ScoreViewController.swift in Sources */,
				F7305B1C26F5C097006544B3 /* SceneDelegate.swift in Sources */,
				F7305B2E26F5C1F3006544B3 /* QuizViewController.swift in Sources */,
				F7305B3926F5F316006544B3 /* SelectLevelViewController.swift in Sources */,
			);
			runOnlyForDeploymentPostprocessing = 0;
		};
/* End PBXSourcesBuildPhase section */

/* Begin PBXVariantGroup section */
		F7305B1F26F5C097006544B3 /* Main.storyboard */ = {
			isa = PBXVariantGroup;
			children = (
				F7305B2026F5C097006544B3 /* Base */,
			);
			name = Main.storyboard;
			sourceTree = "<group>";
		};
		F7305B2426F5C099006544B3 /* LaunchScreen.storyboard */ = {
			isa = PBXVariantGroup;
			children = (
				F7305B2526F5C099006544B3 /* Base */,
			);
			name = LaunchScreen.storyboard;
			sourceTree = "<group>";
		};
/* End PBXVariantGroup section */

/* Begin XCBuildConfiguration section */
		F7305B2826F5C099006544B3 /* Debug */ = {
			isa = XCBuildConfiguration;
			buildSettings = {
				ALWAYS_SEARCH_USER_PATHS = NO;
				CLANG_ANALYZER_NONNULL = YES;
				CLANG_ANALYZER_NUMBER_OBJECT_CONVERSION = YES_AGGRESSIVE;
				CLANG_CXX_LANGUAGE_STANDARD = "gnu++14";
				CLANG_CXX_LIBRARY = "libc++";
				CLANG_ENABLE_MODULES = YES;
				CLANG_ENABLE_OBJC_ARC = YES;
				CLANG_ENABLE_OBJC_WEAK = YES;
				CLANG_WARN_BLOCK_CAPTURE_AUTORELEASING = YES;
				CLANG_WARN_BOOL_CONVERSION = YES;
				CLANG_WARN_COMMA = YES;
				CLANG_WARN_CONSTANT_CONVERSION = YES;
				CLANG_WARN_DEPRECATED_OBJC_IMPLEMENTATIONS = YES;
				CLANG_WARN_DIRECT_OBJC_ISA_USAGE = YES_ERROR;
				CLANG_WARN_DOCUMENTATION_COMMENTS = YES;
				CLANG_WARN_EMPTY_BODY = YES;
				CLANG_WARN_ENUM_CONVERSION = YES;
				CLANG_WARN_INFINITE_RECURSION = YES;
				CLANG_WARN_INT_CONVERSION = YES;
				CLANG_WARN_NON_LITERAL_NULL_CONVERSION = YES;
				CLANG_WARN_OBJC_IMPLICIT_RETAIN_SELF = YES;
				CLANG_WARN_OBJC_LITERAL_CONVERSION = YES;
				CLANG_WARN_OBJC_ROOT_CLASS = YES_ERROR;
				CLANG_WARN_QUOTED_INCLUDE_IN_FRAMEWORK_HEADER = YES;
				CLANG_WARN_RANGE_LOOP_ANALYSIS = YES;
				CLANG_WARN_STRICT_PROTOTYPES = YES;
				CLANG_WARN_SUSPICIOUS_MOVE = YES;
				CLANG_WARN_UNGUARDED_AVAILABILITY = YES_AGGRESSIVE;
				CLANG_WARN_UNREACHABLE_CODE = YES;
				CLANG_WARN__DUPLICATE_METHOD_MATCH = YES;
				COPY_PHASE_STRIP = NO;
				DEBUG_INFORMATION_FORMAT = dwarf;
				ENABLE_STRICT_OBJC_MSGSEND = YES;
				ENABLE_TESTABILITY = YES;
				GCC_C_LANGUAGE_STANDARD = gnu11;
				GCC_DYNAMIC_NO_PIC = NO;
				GCC_NO_COMMON_BLOCKS = YES;
				GCC_OPTIMIZATION_LEVEL = 0;
				GCC_PREPROCESSOR_DEFINITIONS = (
					"DEBUG=1",
					"$(inherited)",
				);
				GCC_WARN_64_TO_32_BIT_CONVERSION = YES;
				GCC_WARN_ABOUT_RETURN_TYPE = YES_ERROR;
				GCC_WARN_UNDECLARED_SELECTOR = YES;
				GCC_WARN_UNINITIALIZED_AUTOS = YES_AGGRESSIVE;
				GCC_WARN_UNUSED_FUNCTION = YES;
				GCC_WARN_UNUSED_VARIABLE = YES;
				IPHONEOS_DEPLOYMENT_TARGET = 14.5;
				MTL_ENABLE_DEBUG_INFO = INCLUDE_SOURCE;
				MTL_FAST_MATH = YES;
				ONLY_ACTIVE_ARCH = YES;
				SDKROOT = iphoneos;
				SWIFT_ACTIVE_COMPILATION_CONDITIONS = DEBUG;
				SWIFT_OPTIMIZATION_LEVEL = "-Onone";
			};
			name = Debug;
		};
		F7305B2926F5C099006544B3 /* Release */ = {
			isa = XCBuildConfiguration;
			buildSettings = {
				ALWAYS_SEARCH_USER_PATHS = NO;
				CLANG_ANALYZER_NONNULL = YES;
				CLANG_ANALYZER_NUMBER_OBJECT_CONVERSION = YES_AGGRESSIVE;
				CLANG_CXX_LANGUAGE_STANDARD = "gnu++14";
				CLANG_CXX_LIBRARY = "libc++";
				CLANG_ENABLE_MODULES = YES;
				CLANG_ENABLE_OBJC_ARC = YES;
				CLANG_ENABLE_OBJC_WEAK = YES;
				CLANG_WARN_BLOCK_CAPTURE_AUTORELEASING = YES;
				CLANG_WARN_BOOL_CONVERSION = YES;
				CLANG_WARN_COMMA = YES;
				CLANG_WARN_CONSTANT_CONVERSION = YES;
				CLANG_WARN_DEPRECATED_OBJC_IMPLEMENTATIONS = YES;
				CLANG_WARN_DIRECT_OBJC_ISA_USAGE = YES_ERROR;
				CLANG_WARN_DOCUMENTATION_COMMENTS = YES;
				CLANG_WARN_EMPTY_BODY = YES;
				CLANG_WARN_ENUM_CONVERSION = YES;
				CLANG_WARN_INFINITE_RECURSION = YES;
				CLANG_WARN_INT_CONVERSION = YES;
				CLANG_WARN_NON_LITERAL_NULL_CONVERSION = YES;
				CLANG_WARN_OBJC_IMPLICIT_RETAIN_SELF = YES;
				CLANG_WARN_OBJC_LITERAL_CONVERSION = YES;
				CLANG_WARN_OBJC_ROOT_CLASS = YES_ERROR;
				CLANG_WARN_QUOTED_INCLUDE_IN_FRAMEWORK_HEADER = YES;
				CLANG_WARN_RANGE_LOOP_ANALYSIS = YES;
				CLANG_WARN_STRICT_PROTOTYPES = YES;
				CLANG_WARN_SUSPICIOUS_MOVE = YES;
				CLANG_WARN_UNGUARDED_AVAILABILITY = YES_AGGRESSIVE;
				CLANG_WARN_UNREACHABLE_CODE = YES;
				CLANG_WARN__DUPLICATE_METHOD_MATCH = YES;
				COPY_PHASE_STRIP = NO;
				DEBUG_INFORMATION_FORMAT = "dwarf-with-dsym";
				ENABLE_NS_ASSERTIONS = NO;
				ENABLE_STRICT_OBJC_MSGSEND = YES;
				GCC_C_LANGUAGE_STANDARD = gnu11;
				GCC_NO_COMMON_BLOCKS = YES;
				GCC_WARN_64_TO_32_BIT_CONVERSION = YES;
				GCC_WARN_ABOUT_RETURN_TYPE = YES_ERROR;
				GCC_WARN_UNDECLARED_SELECTOR = YES;
				GCC_WARN_UNINITIALIZED_AUTOS = YES_AGGRESSIVE;
				GCC_WARN_UNUSED_FUNCTION = YES;
				GCC_WARN_UNUSED_VARIABLE = YES;
				IPHONEOS_DEPLOYMENT_TARGET = 14.5;
				MTL_ENABLE_DEBUG_INFO = NO;
				MTL_FAST_MATH = YES;
				SDKROOT = iphoneos;
				SWIFT_COMPILATION_MODE = wholemodule;
				SWIFT_OPTIMIZATION_LEVEL = "-O";
				VALIDATE_PRODUCT = YES;
			};
			name = Release;
		};
		F7305B2B26F5C099006544B3 /* Debug */ = {
			isa = XCBuildConfiguration;
			buildSettings = {
				ASSETCATALOG_COMPILER_APPICON_NAME = AppIcon;
				ASSETCATALOG_COMPILER_GLOBAL_ACCENT_COLOR_NAME = AccentColor;
				CODE_SIGN_STYLE = Automatic;
				DEVELOPMENT_TEAM = JYY6GZPFJA;
				INFOPLIST_FILE = GolfQuiz/Info.plist;
				LD_RUNPATH_SEARCH_PATHS = (
					"$(inherited)",
					"@executable_path/Frameworks",
				);
				PRODUCT_BUNDLE_IDENTIFIER = com.KosukeMiyazaki.GolfQuiz;
				PRODUCT_NAME = "$(TARGET_NAME)";
				SWIFT_VERSION = 5.0;
				TARGETED_DEVICE_FAMILY = 1;
			};
			name = Debug;
		};
		F7305B2C26F5C099006544B3 /* Release */ = {
			isa = XCBuildConfiguration;
			buildSettings = {
				ASSETCATALOG_COMPILER_APPICON_NAME = AppIcon;
				ASSETCATALOG_COMPILER_GLOBAL_ACCENT_COLOR_NAME = AccentColor;
				CODE_SIGN_STYLE = Automatic;
				DEVELOPMENT_TEAM = JYY6GZPFJA;
				INFOPLIST_FILE = GolfQuiz/Info.plist;
				LD_RUNPATH_SEARCH_PATHS = (
					"$(inherited)",
					"@executable_path/Frameworks",
				);
				PRODUCT_BUNDLE_IDENTIFIER = com.KosukeMiyazaki.GolfQuiz;
				PRODUCT_NAME = "$(TARGET_NAME)";
				SWIFT_VERSION = 5.0;
				TARGETED_DEVICE_FAMILY = 1;
			};
			name = Release;
		};
/* End XCBuildConfiguration section */

/* Begin XCConfigurationList section */
		F7305B1126F5C096006544B3 /* Build configuration list for PBXProject "GolfQuiz" */ = {
			isa = XCConfigurationList;
			buildConfigurations = (
				F7305B2826F5C099006544B3 /* Debug */,
				F7305B2926F5C099006544B3 /* Release */,
			);
			defaultConfigurationIsVisible = 0;
			defaultConfigurationName = Release;
		};
		F7305B2A26F5C099006544B3 /* Build configuration list for PBXNativeTarget "GolfQuiz" */ = {
			isa = XCConfigurationList;
			buildConfigurations = (
				F7305B2B26F5C099006544B3 /* Debug */,
				F7305B2C26F5C099006544B3 /* Release */,
			);
			defaultConfigurationIsVisible = 0;
			defaultConfigurationName = Release;
		};
/* End XCConfigurationList section */
	};
	rootObject = F7305B0E26F5C096006544B3 /* Project object */;
}
